
Microsoft Visual Studio Solution File, Format Version 12.00
# Visual Studio Version 17
VisualStudioVersion = 17.2.32630.192
MinimumVisualStudioVersion = 10.0.40219.1
Project("{9A19103F-16F7-4668-BE54-9A1E7A4F7556}") = "R5T.T0204.Construction", "R5T.T0204.Construction\R5T.T0204.Construction.csproj", "{E09D27FA-4C83-4259-8CF1-5E36EE55FCD5}"
EndProject
Project("{9A19103F-16F7-4668-BE54-9A1E7A4F7556}") = "R5T.T0204", "R5T.T0204\R5T.T0204.csproj", "{A93DD356-90D4-4D18-888B-D1A8B0E2C877}"
EndProject
Project("{2150E333-8FDC-42A3-9474-1A3956D46DE8}") = "_Dependencies", "_Dependencies", "{28ECDEA8-FCD8-4FE8-8C2A-A3BAA63015AF}"
EndProject
Project("{9A19103F-16F7-4668-BE54-9A1E7A4F7556}") = "R5T.T0132", "..\..\R5T.T0132\source\R5T.T0132\R5T.T0132.csproj", "{1AC73B3D-E896-4F38-BCF2-834774B44602}"
EndProject
Project("{9A19103F-16F7-4668-BE54-9A1E7A4F7556}") = "R5T.T0143", "..\..\R5T.T0143\source\R5T.T0143\R5T.T0143.csproj", "{E64DFCF1-3BA0-4BDF-ABF6-D86EF2AD8A76}"
EndProject
Project("{9A19103F-16F7-4668-BE54-9A1E7A4F7556}") = "R5T.T0178", "..\..\R5T.T0178\source\R5T.T0178\R5T.T0178.csproj", "{7394429E-60EA-4DB7-AA3F-80E8EDBD0DF4}"
EndProject
Project("{9A19103F-16F7-4668-BE54-9A1E7A4F7556}") = "R5T.T0179", "..\..\R5T.T0179\source\R5T.T0179\R5T.T0179.csproj", "{C920505F-2BF9-4410-833B-90B8EED29BBF}"
EndProject
Project("{9A19103F-16F7-4668-BE54-9A1E7A4F7556}") = "R5T.T0185", "..\..\R5T.T0185\source\R5T.T0185\R5T.T0185.csproj", "{E6D89DA3-0EC3-41E1-AC5F-0B93B7EEF7C5}"
EndProject
Project("{9A19103F-16F7-4668-BE54-9A1E7A4F7556}") = "R5T.T0187", "..\..\R5T.T0187\source\R5T.T0187\R5T.T0187.csproj", "{AC51739A-3EA1-4C21-93F7-4728919F8224}"
EndProject
Global
	GlobalSection(NestedProjects) = preSolution
		{1AC73B3D-E896-4F38-BCF2-834774B44602} = {28ECDEA8-FCD8-4FE8-8C2A-A3BAA63015AF}
		{E64DFCF1-3BA0-4BDF-ABF6-D86EF2AD8A76} = {28ECDEA8-FCD8-4FE8-8C2A-A3BAA63015AF}
		{7394429E-60EA-4DB7-AA3F-80E8EDBD0DF4} = {28ECDEA8-FCD8-4FE8-8C2A-A3BAA63015AF}
		{C920505F-2BF9-4410-833B-90B8EED29BBF} = {28ECDEA8-FCD8-4FE8-8C2A-A3BAA63015AF}
		{E6D89DA3-0EC3-41E1-AC5F-0B93B7EEF7C5} = {28ECDEA8-FCD8-4FE8-8C2A-A3BAA63015AF}
		{AC51739A-3EA1-4C21-93F7-4728919F8224} = {28ECDEA8-FCD8-4FE8-8C2A-A3BAA63015AF}
	EndGlobalSection
	GlobalSection(SolutionConfigurationPlatforms) = preSolution
		Debug|Any CPU = Debug|Any CPU
		Release|Any CPU = Release|Any CPU
	EndGlobalSection
	GlobalSection(ProjectConfigurationPlatforms) = postSolution
		{E09D27FA-4C83-4259-8CF1-5E36EE55FCD5}.Debug|Any CPU.ActiveCfg = Debug|Any CPU
		{E09D27FA-4C83-4259-8CF1-5E36EE55FCD5}.Debug|Any CPU.Build.0 = Debug|Any CPU
		{E09D27FA-4C83-4259-8CF1-5E36EE55FCD5}.Release|Any CPU.ActiveCfg = Release|Any CPU
		{E09D27FA-4C83-4259-8CF1-5E36EE55FCD5}.Release|Any CPU.Build.0 = Release|Any CPU
		{A93DD356-90D4-4D18-888B-D1A8B0E2C877}.Debug|Any CPU.ActiveCfg = Debug|Any CPU
		{A93DD356-90D4-4D18-888B-D1A8B0E2C877}.Debug|Any CPU.Build.0 = Debug|Any CPU
		{A93DD356-90D4-4D18-888B-D1A8B0E2C877}.Release|Any CPU.ActiveCfg = Release|Any CPU
		{A93DD356-90D4-4D18-888B-D1A8B0E2C877}.Release|Any CPU.Build.0 = Release|Any CPU
		{1AC73B3D-E896-4F38-BCF2-834774B44602}.Debug|Any CPU.ActiveCfg = Debug|Any CPU
		{1AC73B3D-E896-4F38-BCF2-834774B44602}.Debug|Any CPU.Build.0 = Debug|Any CPU
		{1AC73B3D-E896-4F38-BCF2-834774B44602}.Release|Any CPU.ActiveCfg = Release|Any CPU
		{1AC73B3D-E896-4F38-BCF2-834774B44602}.Release|Any CPU.Build.0 = Release|Any CPU
		{E64DFCF1-3BA0-4BDF-ABF6-D86EF2AD8A76}.Debug|Any CPU.ActiveCfg = Debug|Any CPU
		{E64DFCF1-3BA0-4BDF-ABF6-D86EF2AD8A76}.Debug|Any CPU.Build.0 = Debug|Any CPU
		{E64DFCF1-3BA0-4BDF-ABF6-D86EF2AD8A76}.Release|Any CPU.ActiveCfg = Release|Any CPU
		{E64DFCF1-3BA0-4BDF-ABF6-D86EF2AD8A76}.Release|Any CPU.Build.0 = Release|Any CPU
		{7394429E-60EA-4DB7-AA3F-80E8EDBD0DF4}.Debug|Any CPU.ActiveCfg = Debug|Any CPU
		{7394429E-60EA-4DB7-AA3F-80E8EDBD0DF4}.Debug|Any CPU.Build.0 = Debug|Any CPU
		{7394429E-60EA-4DB7-AA3F-80E8EDBD0DF4}.Release|Any CPU.ActiveCfg = Release|Any CPU
		{7394429E-60EA-4DB7-AA3F-80E8EDBD0DF4}.Release|Any CPU.Build.0 = Release|Any CPU
		{C920505F-2BF9-4410-833B-90B8EED29BBF}.Debug|Any CPU.ActiveCfg = Debug|Any CPU
		{C920505F-2BF9-4410-833B-90B8EED29BBF}.Debug|Any CPU.Build.0 = Debug|Any CPU
		{C920505F-2BF9-4410-833B-90B8EED29BBF}.Release|Any CPU.ActiveCfg = Release|Any CPU
		{C920505F-2BF9-4410-833B-90B8EED29BBF}.Release|Any CPU.Build.0 = Release|Any CPU
		{E6D89DA3-0EC3-41E1-AC5F-0B93B7EEF7C5}.Debug|Any CPU.ActiveCfg = Debug|Any CPU
		{E6D89DA3-0EC3-41E1-AC5F-0B93B7EEF7C5}.Debug|Any CPU.Build.0 = Debug|Any CPU
		{E6D89DA3-0EC3-41E1-AC5F-0B93B7EEF7C5}.Release|Any CPU.ActiveCfg = Release|Any CPU
		{E6D89DA3-0EC3-41E1-AC5F-0B93B7EEF7C5}.Release|Any CPU.Build.0 = Release|Any CPU
		{AC51739A-3EA1-4C21-93F7-4728919F8224}.Debug|Any CPU.ActiveCfg = Debug|Any CPU
		{AC51739A-3EA1-4C21-93F7-4728919F8224}.Debug|Any CPU.Build.0 = Debug|Any CPU
		{AC51739A-3EA1-4C21-93F7-4728919F8224}.Release|Any CPU.ActiveCfg = Release|Any CPU
		{AC51739A-3EA1-4C21-93F7-4728919F8224}.Release|Any CPU.Build.0 = Release|Any CPU
	EndGlobalSection
	GlobalSection(SolutionProperties) = preSolution
		HideSolutionNode = FALSE
	EndGlobalSection
	GlobalSection(ExtensibilityGlobals) = postSolution
		SolutionGuid = {AFD8E750-1499-4505-84D8-762D9A8C4E6E}
	EndGlobalSection
EndGlobal
