
Microsoft Visual Studio Solution File, Format Version 12.00
# Visual Studio Version 17
VisualStudioVersion = 17.2.32630.192
MinimumVisualStudioVersion = 10.0.40219.1
Project("{9A19103F-16F7-4668-BE54-9A1E7A4F7556}") = "R5T.T0204.Construction", "R5T.T0204.Construction\R5T.T0204.Construction.csproj", "{E09D27FA-4C83-4259-8CF1-5E36EE55FCD5}"
EndProject
Project("{9A19103F-16F7-4668-BE54-9A1E7A4F7556}") = "R5T.T0204", "R5T.T0204\R5T.T0204.csproj", "{A93DD356-90D4-4D18-888B-D1A8B0E2C877}"
EndProject
Global
	GlobalSection(SolutionConfigurationPlatforms) = preSolution
		Debug|Any CPU = Debug|Any CPU
		Release|Any CPU = Release|Any CPU
	EndGlobalSection
	GlobalSection(ProjectConfigurationPlatforms) = postSolution
		{E09D27FA-4C83-4259-8CF1-5E36EE55FCD5}.Debug|Any CPU.ActiveCfg = Debug|Any CPU
		{E09D27FA-4C83-4259-8CF1-5E36EE55FCD5}.Debug|Any CPU.Build.0 = Debug|Any CPU
		{E09D27FA-4C83-4259-8CF1-5E36EE55FCD5}.Release|Any CPU.ActiveCfg = Release|Any CPU
		{E09D27FA-4C83-4259-8CF1-5E36EE55FCD5}.Release|Any CPU.Build.0 = Release|Any CPU
		{A93DD356-90D4-4D18-888B-D1A8B0E2C877}.Debug|Any CPU.ActiveCfg = Debug|Any CPU
		{A93DD356-90D4-4D18-888B-D1A8B0E2C877}.Debug|Any CPU.Build.0 = Debug|Any CPU
		{A93DD356-90D4-4D18-888B-D1A8B0E2C877}.Release|Any CPU.ActiveCfg = Release|Any CPU
		{A93DD356-90D4-4D18-888B-D1A8B0E2C877}.Release|Any CPU.Build.0 = Release|Any CPU
	EndGlobalSection
	GlobalSection(SolutionProperties) = preSolution
		HideSolutionNode = FALSE
	EndGlobalSection
	GlobalSection(ExtensibilityGlobals) = postSolution
		SolutionGuid = {AFD8E750-1499-4505-84D8-762D9A8C4E6E}
	EndGlobalSection
EndGlobal
